
Microsoft Visual Studio Solution File, Format Version 12.00
# Visual Studio Version 16
VisualStudioVersion = 16.0.30114.105
MinimumVisualStudioVersion = 10.0.40219.1
Project("{9A19103F-16F7-4668-BE54-9A1E7A4F7556}") = "DraftCoach", "DraftCoach\DraftCoach.csproj", "{F81E73B8-3D98-473D-8CE6-EC843A18DFD0}"
EndProject
Project("{FAE04EC0-301F-11D3-BF4B-00C04F79EFBC}") = "DraftCoach.UnitTests", "DraftCoach.UnitTests\DraftCoach.UnitTests.csproj", "{DD3FA16E-B41B-4695-9EFA-082D852F2C29}"
EndProject
Global
	GlobalSection(SolutionConfigurationPlatforms) = preSolution
		Debug|Any CPU = Debug|Any CPU
		Release|Any CPU = Release|Any CPU
	EndGlobalSection
	GlobalSection(ProjectConfigurationPlatforms) = postSolution
		{F81E73B8-3D98-473D-8CE6-EC843A18DFD0}.Debug|Any CPU.ActiveCfg = Debug|Any CPU
		{F81E73B8-3D98-473D-8CE6-EC843A18DFD0}.Debug|Any CPU.Build.0 = Debug|Any CPU
		{F81E73B8-3D98-473D-8CE6-EC843A18DFD0}.Release|Any CPU.ActiveCfg = Release|Any CPU
		{F81E73B8-3D98-473D-8CE6-EC843A18DFD0}.Release|Any CPU.Build.0 = Release|Any CPU
		{011541D8-196D-4541-9D56-0893E0ED4910}.Debug|Any CPU.ActiveCfg = Debug|Any CPU
		{011541D8-196D-4541-9D56-0893E0ED4910}.Debug|Any CPU.Build.0 = Debug|Any CPU
		{011541D8-196D-4541-9D56-0893E0ED4910}.Release|Any CPU.ActiveCfg = Release|Any CPU
		{011541D8-196D-4541-9D56-0893E0ED4910}.Release|Any CPU.Build.0 = Release|Any CPU
		{DD3FA16E-B41B-4695-9EFA-082D852F2C29}.Debug|Any CPU.ActiveCfg = Debug|Any CPU
		{DD3FA16E-B41B-4695-9EFA-082D852F2C29}.Debug|Any CPU.Build.0 = Debug|Any CPU
		{DD3FA16E-B41B-4695-9EFA-082D852F2C29}.Release|Any CPU.ActiveCfg = Release|Any CPU
		{DD3FA16E-B41B-4695-9EFA-082D852F2C29}.Release|Any CPU.Build.0 = Release|Any CPU
	EndGlobalSection
	GlobalSection(SolutionProperties) = preSolution
		HideSolutionNode = FALSE
	EndGlobalSection
	GlobalSection(ExtensibilityGlobals) = postSolution
		SolutionGuid = {B65534C0-05F5-470F-89FC-148A770D48D3}
	EndGlobalSection
EndGlobal
